
Microsoft Visual Studio Solution File, Format Version 12.00
# Visual Studio for Mac
Project("{FAE04EC0-301F-11D3-BF4B-00C04F79EFBC}") = "Assembly-CSharp", "Assembly-CSharp.csproj", "{FE96CA0A-965A-2FF8-81C1-0AA4E752DB10}"
EndProject
Global
	GlobalSection(SolutionConfigurationPlatforms) = preSolution
		Debug|Any CPU = Debug|Any CPU
		Release|Any CPU = Release|Any CPU
	EndGlobalSection
	GlobalSection(ProjectConfigurationPlatforms) = postSolution
		{FE96CA0A-965A-2FF8-81C1-0AA4E752DB10}.Debug|Any CPU.ActiveCfg = Debug|Any CPU
		{FE96CA0A-965A-2FF8-81C1-0AA4E752DB10}.Debug|Any CPU.Build.0 = Debug|Any CPU
		{FE96CA0A-965A-2FF8-81C1-0AA4E752DB10}.Release|Any CPU.ActiveCfg = Release|Any CPU
		{FE96CA0A-965A-2FF8-81C1-0AA4E752DB10}.Release|Any CPU.Build.0 = Release|Any CPU
	EndGlobalSection
	GlobalSection(SolutionProperties) = preSolution
		HideSolutionNode = FALSE
	EndGlobalSection
EndGlobal
